<?xml version="1.0" encoding="utf-8"?>
<Project ToolsVersion="4.0" xmlns:atg="http://atg.xbox.com" xmlns="http://schemas.microsoft.com/developer/msbuild/2003">
  <ItemGroup>
    <Filter Include="Resource Files">
      <UniqueIdentifier>{8e114980-c1a3-4ada-ad7c-83caadf5daeb}</UniqueIdentifier>
      <Extensions>rc;ico;cur;bmp;dlg;rc2;rct;bin;rgs;gif;jpg;jpeg;jpe</Extensions>
    </Filter>
    <Filter Include="DXUT">
      <UniqueIdentifier>{a43c5c25-0e86-4a20-b64a-883785ff74fd}</UniqueIdentifier>
    </Filter>
    <Filter Include="Shaders">
      <UniqueIdentifier>{2c3d4c8c-5d1a-459a-a05a-a4e4b608a44e}</UniqueIdentifier>
      <Extensions>fx;fxh;hlsl</Extensions>
    </Filter>
    <Filter Include="Headers">
      <UniqueIdentifier>{f44bf784-8e26-4492-a84e-5687dc7e3abc}</UniqueIdentifier>
    </Filter>
    <Filter Include="Sources">
      <UniqueIdentifier>{f49655a9-1f91-4925-a47f-b3d509630eac}</UniqueIdentifier>
    </Filter>
  </ItemGroup>
  <ItemGroup>
    <ClCompile Include="BaseApp.cpp">
      <Filter>Sources</Filter>
    </ClCompile>
    <ClCompile Include="CBuffer.cpp">
      <Filter>Sources</Filter>
    </ClCompile>
    <ClCompile Include="CCamera.cpp">
      <Filter>Sources</Filter>
    </ClCompile>
    <ClCompile Include="CDepthStencilView.cpp">
      <Filter>Sources</Filter>
    </ClCompile>
    <ClCompile Include="CGraphicsAPI.cpp">
      <Filter>Sources</Filter>
    </ClCompile>
    <ClCompile Include="CInputLayout.cpp">
      <Filter>Sources</Filter>
    </ClCompile>
    <ClCompile Include="CPass.cpp">
      <Filter>Sources</Filter>
    </ClCompile>
    <ClCompile Include="CPixelShader.cpp">
      <Filter>Sources</Filter>
    </ClCompile>
    <ClCompile Include="CRenderTargetView.cpp">
      <Filter>Sources</Filter>
    </ClCompile>
    <ClCompile Include="CSampler.cpp">
      <Filter>Sources</Filter>
    </ClCompile>
    <ClCompile Include="CShader.cpp">
      <Filter>Sources</Filter>
    </ClCompile>
    <ClCompile Include="CTexture2D.cpp">
      <Filter>Sources</Filter>
    </ClCompile>
    <ClCompile Include="CVertexShader.cpp">
      <Filter>Sources</Filter>
    </ClCompile>
    <ClCompile Include="CViewPort.cpp">
      <Filter>Sources</Filter>
    </ClCompile>
    <ClCompile Include="DirectXApp.cpp">
      <Filter>Sources</Filter>
    </ClCompile>
    <ClCompile Include="DXMain.cpp">
      <Filter>Sources</Filter>
    </ClCompile>
    <ClCompile Include="Tutorial07.cpp">
      <Filter>Sources</Filter>
    </ClCompile>
    <ClCompile Include="CImageLoader.cpp">
      <Filter>Sources</Filter>
    </ClCompile>
    <ClCompile Include="CMaterial.cpp">
      <Filter>Sources</Filter>
    </ClCompile>
    <ClCompile Include="CMesh.cpp">
      <Filter>Sources</Filter>
    </ClCompile>
    <ClCompile Include="CModel.cpp">
      <Filter>Sources</Filter>
    </ClCompile>
    <ClCompile Include="CObjectLoader.cpp">
      <Filter>Sources</Filter>
    </ClCompile>
  </ItemGroup>
  <ItemGroup>
    <None Include="Tutorial07.fx">
      <Filter>Shaders</Filter>
    </None>
  </ItemGroup>
  <ItemGroup>
    <CLInclude Include="resource.h">
      <Filter>Resource Files</Filter>
    </CLInclude>
    <ResourceCompile Include="Tutorial07.rc">
      <Filter>Resource Files</Filter>
    </ResourceCompile>
    <ClInclude Include="BaseApp.h">
      <Filter>Headers</Filter>
    </ClInclude>
    <ClInclude Include="CBuffer.h">
      <Filter>Headers</Filter>
    </ClInclude>
    <ClInclude Include="CCamera.h">
      <Filter>Headers</Filter>
    </ClInclude>
    <ClInclude Include="CDepthStencilView.h">
      <Filter>Headers</Filter>
    </ClInclude>
    <ClInclude Include="CGraphicsAPI.h">
      <Filter>Headers</Filter>
    </ClInclude>
    <ClInclude Include="CInputLayout.h">
      <Filter>Headers</Filter>
    </ClInclude>
    <ClInclude Include="CPass.h">
      <Filter>Headers</Filter>
    </ClInclude>
    <ClInclude Include="CPixelShader.h">
      <Filter>Headers</Filter>
    </ClInclude>
    <ClInclude Include="CRenderTargetView.h">
      <Filter>Headers</Filter>
    </ClInclude>
    <ClInclude Include="CSampler.h">
      <Filter>Headers</Filter>
    </ClInclude>
    <ClInclude Include="CShader.h">
      <Filter>Headers</Filter>
    </ClInclude>
    <ClInclude Include="CTexture2D.h">
      <Filter>Headers</Filter>
    </ClInclude>
    <ClInclude Include="CVertexShader.h">
      <Filter>Headers</Filter>
    </ClInclude>
    <ClInclude Include="CViewPort.h">
      <Filter>Headers</Filter>
    </ClInclude>
    <ClInclude Include="Defines.h">
      <Filter>Headers</Filter>
    </ClInclude>
    <ClInclude Include="DirectXApp.h">
      <Filter>Headers</Filter>
    </ClInclude>
    <ClInclude Include="Module.h">
      <Filter>Headers</Filter>
    </ClInclude>
    <ClInclude Include="CImageLoader.h">
      <Filter>Headers</Filter>
    </ClInclude>
    <ClInclude Include="CMaterial.h">
      <Filter>Headers</Filter>
    </ClInclude>
    <ClInclude Include="CMesh.h">
      <Filter>Headers</Filter>
    </ClInclude>
    <ClInclude Include="CModel.h">
      <Filter>Headers</Filter>
    </ClInclude>
    <ClInclude Include="CObjectLoader.h">
      <Filter>Headers</Filter>
    </ClInclude>
  </ItemGroup>
  <ItemGroup>
  </ItemGroup>
</Project>