<?xml version="1.0" encoding="utf-8"?>
<Project ToolsVersion="4.0" xmlns:atg="http://atg.xbox.com" xmlns="http://schemas.microsoft.com/developer/msbuild/2003">
  <ItemGroup>
    <Filter Include="Resource Files">
      <UniqueIdentifier>{8e114980-c1a3-4ada-ad7c-83caadf5daeb}</UniqueIdentifier>
      <Extensions>rc;ico;cur;bmp;dlg;rc2;rct;bin;rgs;gif;jpg;jpeg;jpe</Extensions>
    </Filter>
    <Filter Include="DXUT">
      <UniqueIdentifier>{a43c5c25-0e86-4a20-b64a-883785ff74fd}</UniqueIdentifier>
    </Filter>
    <Filter Include="Shaders">
      <UniqueIdentifier>{2c3d4c8c-5d1a-459a-a05a-a4e4b608a44e}</UniqueIdentifier>
      <Extensions>fx;fxh;hlsl</Extensions>
    </Filter>
  </ItemGroup>
  <ItemGroup>
    <ClCompile Include="Tutorial07.cpp" />
    <ClCompile Include="CBuffer.cpp" />
    <ClCompile Include="CGraphicsAPI.cpp" />
    <ClCompile Include="CTexture2D.cpp" />
    <ClCompile Include="CDepthStencilView.cpp" />
    <ClCompile Include="CRenderTargetView.cpp" />
    <ClCompile Include="CDevice.cpp" />
    <ClCompile Include="CSwapChain.cpp" />
    <ClCompile Include="CMesh.cpp" />
    <ClCompile Include="CTransform.cpp" />
    <ClCompile Include="CVertexShader.cpp" />
    <ClCompile Include="CSamplerState.cpp" />
    <ClCompile Include="CPixelShader.cpp" />
    <ClCompile Include="CDeviceContext.cpp" />
    <ClCompile Include="CViewport.cpp" />
    <ClCompile Include="CInputLayout.cpp" />
  </ItemGroup>
  <ItemGroup>
    <None Include="Tutorial07.fx">
      <Filter>Shaders</Filter>
    </None>
  </ItemGroup>
  <ItemGroup>
    <CLInclude Include="resource.h">
      <Filter>Resource Files</Filter>
    </CLInclude>
    <ResourceCompile Include="Tutorial07.rc">
      <Filter>Resource Files</Filter>
    </ResourceCompile>
    <ClInclude Include="CBuffer.h" />
    <ClInclude Include="Defines.h" />
    <ClInclude Include="CGraphicsAPI.h" />
    <ClInclude Include="CTexture2D.h" />
    <ClInclude Include="CDepthStencilView.h" />
    <ClInclude Include="CRenderTargetView.h" />
    <ClInclude Include="CDevice.h" />
    <ClInclude Include="CSwapChain.h" />
    <ClInclude Include="CMesh.h" />
    <ClInclude Include="CTransform.h" />
    <ClInclude Include="CVertexShader.h" />
    <ClInclude Include="CSamplerState.h" />
    <ClInclude Include="CPixelShader.h" />
    <ClInclude Include="CDeviceContext.h" />
    <ClInclude Include="CViewport.h" />
    <ClInclude Include="CInputLayout.h" />
  </ItemGroup>
  <ItemGroup>
  </ItemGroup>
</Project>